
Microsoft Visual Studio Solution File, Format Version 12.00
# Visual Studio Version 17
VisualStudioVersion = 17.9.34902.65
MinimumVisualStudioVersion = 10.0.40219.1
Project("{FAE04EC0-301F-11D3-BF4B-00C04F79EFBC}") = "nombre_magique", "nombre_magique\nombre_magique.csproj", "{6077D495-B74F-4F0B-9FED-F58415442004}"
EndProject
Global
	GlobalSection(SolutionConfigurationPlatforms) = preSolution
		Debug|Any CPU = Debug|Any CPU
		Release|Any CPU = Release|Any CPU
	EndGlobalSection
	GlobalSection(ProjectConfigurationPlatforms) = postSolution
		{6077D495-B74F-4F0B-9FED-F58415442004}.Debug|Any CPU.ActiveCfg = Debug|Any CPU
		{6077D495-B74F-4F0B-9FED-F58415442004}.Debug|Any CPU.Build.0 = Debug|Any CPU
		{6077D495-B74F-4F0B-9FED-F58415442004}.Release|Any CPU.ActiveCfg = Release|Any CPU
		{6077D495-B74F-4F0B-9FED-F58415442004}.Release|Any CPU.Build.0 = Release|Any CPU
	EndGlobalSection
	GlobalSection(SolutionProperties) = preSolution
		HideSolutionNode = FALSE
	EndGlobalSection
	GlobalSection(ExtensibilityGlobals) = postSolution
		SolutionGuid = {E9837913-F6FB-482A-9325-3535D911BBA4}
	EndGlobalSection
EndGlobal
